
Microsoft Visual Studio Solution File, Format Version 12.00
# Visual Studio Version 16
VisualStudioVersion = 16.0.30711.63
MinimumVisualStudioVersion = 10.0.40219.1
Project("{8BC9CEB8-8B4A-11D0-8D11-00A0C91BC942}") = "ASD1_3-Najmniejsza i największa liczba w ciągu", "ASD1_3-Najmniejsza i największa liczba w ciągu\ASD1_3-Najmniejsza i największa liczba w ciągu.vcxproj", "{35869382-4EF6-43CF-AB9C-04862A3772CC}"
EndProject
Global
	GlobalSection(SolutionConfigurationPlatforms) = preSolution
		Debug|x64 = Debug|x64
		Debug|x86 = Debug|x86
		Release|x64 = Release|x64
		Release|x86 = Release|x86
	EndGlobalSection
	GlobalSection(ProjectConfigurationPlatforms) = postSolution
		{35869382-4EF6-43CF-AB9C-04862A3772CC}.Debug|x64.ActiveCfg = Debug|x64
		{35869382-4EF6-43CF-AB9C-04862A3772CC}.Debug|x64.Build.0 = Debug|x64
		{35869382-4EF6-43CF-AB9C-04862A3772CC}.Debug|x86.ActiveCfg = Debug|Win32
		{35869382-4EF6-43CF-AB9C-04862A3772CC}.Debug|x86.Build.0 = Debug|Win32
		{35869382-4EF6-43CF-AB9C-04862A3772CC}.Release|x64.ActiveCfg = Release|x64
		{35869382-4EF6-43CF-AB9C-04862A3772CC}.Release|x64.Build.0 = Release|x64
		{35869382-4EF6-43CF-AB9C-04862A3772CC}.Release|x86.ActiveCfg = Release|Win32
		{35869382-4EF6-43CF-AB9C-04862A3772CC}.Release|x86.Build.0 = Release|Win32
	EndGlobalSection
	GlobalSection(SolutionProperties) = preSolution
		HideSolutionNode = FALSE
	EndGlobalSection
	GlobalSection(ExtensibilityGlobals) = postSolution
		SolutionGuid = {8BBB4657-499C-4882-9BC2-65A2BFC97AA4}
	EndGlobalSection
EndGlobal
