
Microsoft Visual Studio Solution File, Format Version 12.00
# Visual Studio Version 16
VisualStudioVersion = 16.0.30711.63
MinimumVisualStudioVersion = 10.0.40219.1
Project("{8BC9CEB8-8B4A-11D0-8D11-00A0C91BC942}") = "ASD_4_2 - Kolejka", "ASD_4_2 - Kolejka\ASD_4_2 - Kolejka.vcxproj", "{0AD89143-3EDA-4500-A829-A1EEA3D55F25}"
EndProject
Global
	GlobalSection(SolutionConfigurationPlatforms) = preSolution
		Debug|x64 = Debug|x64
		Debug|x86 = Debug|x86
		Release|x64 = Release|x64
		Release|x86 = Release|x86
	EndGlobalSection
	GlobalSection(ProjectConfigurationPlatforms) = postSolution
		{0AD89143-3EDA-4500-A829-A1EEA3D55F25}.Debug|x64.ActiveCfg = Debug|x64
		{0AD89143-3EDA-4500-A829-A1EEA3D55F25}.Debug|x64.Build.0 = Debug|x64
		{0AD89143-3EDA-4500-A829-A1EEA3D55F25}.Debug|x86.ActiveCfg = Debug|Win32
		{0AD89143-3EDA-4500-A829-A1EEA3D55F25}.Debug|x86.Build.0 = Debug|Win32
		{0AD89143-3EDA-4500-A829-A1EEA3D55F25}.Release|x64.ActiveCfg = Release|x64
		{0AD89143-3EDA-4500-A829-A1EEA3D55F25}.Release|x64.Build.0 = Release|x64
		{0AD89143-3EDA-4500-A829-A1EEA3D55F25}.Release|x86.ActiveCfg = Release|Win32
		{0AD89143-3EDA-4500-A829-A1EEA3D55F25}.Release|x86.Build.0 = Release|Win32
	EndGlobalSection
	GlobalSection(SolutionProperties) = preSolution
		HideSolutionNode = FALSE
	EndGlobalSection
	GlobalSection(ExtensibilityGlobals) = postSolution
		SolutionGuid = {6F38DD8E-AFC6-43F0-8430-7B9B834B7E86}
	EndGlobalSection
EndGlobal
